
Microsoft Visual Studio Solution File, Format Version 12.00
# Visual Studio Version 16
VisualStudioVersion = 16.0.29102.190
MinimumVisualStudioVersion = 10.0.40219.1
Project("{2150E333-8FDC-42A3-9474-1A3956D46DE8}") = "Repository", "Repository", "{0B6477E1-F841-435F-AE28-C4B9771AAA6B}"
EndProject
Project("{FAE04EC0-301F-11D3-BF4B-00C04F79EFBC}") = "RepositoryLayer", "RepositoryLayer\RepositoryLayer.csproj", "{9406CC3A-CB0D-4061-A530-2BCF6024375F}"
EndProject
Project("{2150E333-8FDC-42A3-9474-1A3956D46DE8}") = "Domain", "Domain", "{5BA7E7B0-8E21-46DC-A166-088F1AE9E3A5}"
EndProject
Project("{FAE04EC0-301F-11D3-BF4B-00C04F79EFBC}") = "DomainLayer", "DomainLayer\DomainLayer.csproj", "{FED2CBA7-83FA-4F41-8031-E3BFD2130105}"
EndProject
Project("{2150E333-8FDC-42A3-9474-1A3956D46DE8}") = "Business", "Business", "{5AA691F9-4C68-4986-A0F8-A7ECC1F00197}"
EndProject
Project("{2150E333-8FDC-42A3-9474-1A3956D46DE8}") = "Solution Items", "Solution Items", "{012E6C5E-8A21-43CF-8455-91B25107D198}"
	ProjectSection(SolutionItems) = preProject
		ReadMe.txt = ReadMe.txt
	EndProjectSection
EndProject
Project("{FAE04EC0-301F-11D3-BF4B-00C04F79EFBC}") = "BusinessLayer", "BusinessLayer\BusinessLayer.csproj", "{F2C58EE9-5BFF-4AD6-80CF-7F771051DC79}"
EndProject
Global
	GlobalSection(SolutionConfigurationPlatforms) = preSolution
		Debug|Any CPU = Debug|Any CPU
		Release|Any CPU = Release|Any CPU
	EndGlobalSection
	GlobalSection(ProjectConfigurationPlatforms) = postSolution
		{9406CC3A-CB0D-4061-A530-2BCF6024375F}.Debug|Any CPU.ActiveCfg = Debug|Any CPU
		{9406CC3A-CB0D-4061-A530-2BCF6024375F}.Debug|Any CPU.Build.0 = Debug|Any CPU
		{9406CC3A-CB0D-4061-A530-2BCF6024375F}.Release|Any CPU.ActiveCfg = Release|Any CPU
		{9406CC3A-CB0D-4061-A530-2BCF6024375F}.Release|Any CPU.Build.0 = Release|Any CPU
		{FED2CBA7-83FA-4F41-8031-E3BFD2130105}.Debug|Any CPU.ActiveCfg = Debug|Any CPU
		{FED2CBA7-83FA-4F41-8031-E3BFD2130105}.Debug|Any CPU.Build.0 = Debug|Any CPU
		{FED2CBA7-83FA-4F41-8031-E3BFD2130105}.Release|Any CPU.ActiveCfg = Release|Any CPU
		{FED2CBA7-83FA-4F41-8031-E3BFD2130105}.Release|Any CPU.Build.0 = Release|Any CPU
		{F2C58EE9-5BFF-4AD6-80CF-7F771051DC79}.Debug|Any CPU.ActiveCfg = Debug|Any CPU
		{F2C58EE9-5BFF-4AD6-80CF-7F771051DC79}.Debug|Any CPU.Build.0 = Debug|Any CPU
		{F2C58EE9-5BFF-4AD6-80CF-7F771051DC79}.Release|Any CPU.ActiveCfg = Release|Any CPU
		{F2C58EE9-5BFF-4AD6-80CF-7F771051DC79}.Release|Any CPU.Build.0 = Release|Any CPU
	EndGlobalSection
	GlobalSection(SolutionProperties) = preSolution
		HideSolutionNode = FALSE
	EndGlobalSection
	GlobalSection(NestedProjects) = preSolution
		{9406CC3A-CB0D-4061-A530-2BCF6024375F} = {0B6477E1-F841-435F-AE28-C4B9771AAA6B}
		{FED2CBA7-83FA-4F41-8031-E3BFD2130105} = {5BA7E7B0-8E21-46DC-A166-088F1AE9E3A5}
		{F2C58EE9-5BFF-4AD6-80CF-7F771051DC79} = {5AA691F9-4C68-4986-A0F8-A7ECC1F00197}
	EndGlobalSection
	GlobalSection(ExtensibilityGlobals) = postSolution
		SolutionGuid = {43AB32CC-A665-4B01-B97D-2B06FBCFB550}
	EndGlobalSection
EndGlobal
